
Microsoft Visual Studio Solution File, Format Version 12.00
# Visual Studio Version 16
VisualStudioVersion = 16.0.29519.181
MinimumVisualStudioVersion = 10.0.40219.1
Project("{FAE04EC0-301F-11D3-BF4B-00C04F79EFBC}") = "WebCrawlerBackend.Api", "WebCrawlerBackend.Api\WebCrawlerBackend.Api.csproj", "{7C26844B-568D-41FD-87B1-6AA70BC4DA63}"
EndProject
Project("{FAE04EC0-301F-11D3-BF4B-00C04F79EFBC}") = "WebCrawlerBackend.Core", "WebCrawlerBackend.Core\WebCrawlerBackend.Core.csproj", "{AC95DA76-90D9-4ADC-AE8B-3FB3BD84B549}"
EndProject
Global
	GlobalSection(SolutionConfigurationPlatforms) = preSolution
		Debug|Any CPU = Debug|Any CPU
		Release|Any CPU = Release|Any CPU
	EndGlobalSection
	GlobalSection(ProjectConfigurationPlatforms) = postSolution
		{7C26844B-568D-41FD-87B1-6AA70BC4DA63}.Debug|Any CPU.ActiveCfg = Debug|Any CPU
		{7C26844B-568D-41FD-87B1-6AA70BC4DA63}.Debug|Any CPU.Build.0 = Debug|Any CPU
		{7C26844B-568D-41FD-87B1-6AA70BC4DA63}.Release|Any CPU.ActiveCfg = Release|Any CPU
		{7C26844B-568D-41FD-87B1-6AA70BC4DA63}.Release|Any CPU.Build.0 = Release|Any CPU
		{AC95DA76-90D9-4ADC-AE8B-3FB3BD84B549}.Debug|Any CPU.ActiveCfg = Debug|Any CPU
		{AC95DA76-90D9-4ADC-AE8B-3FB3BD84B549}.Debug|Any CPU.Build.0 = Debug|Any CPU
		{AC95DA76-90D9-4ADC-AE8B-3FB3BD84B549}.Release|Any CPU.ActiveCfg = Release|Any CPU
		{AC95DA76-90D9-4ADC-AE8B-3FB3BD84B549}.Release|Any CPU.Build.0 = Release|Any CPU
	EndGlobalSection
	GlobalSection(SolutionProperties) = preSolution
		HideSolutionNode = FALSE
	EndGlobalSection
	GlobalSection(ExtensibilityGlobals) = postSolution
		SolutionGuid = {4C55B0EE-2565-4481-A993-5E4E1108CA9F}
	EndGlobalSection
EndGlobal
